
Microsoft Visual Studio Solution File, Format Version 12.00
# Visual Studio Version 17
VisualStudioVersion = 17.9.34714.143
MinimumVisualStudioVersion = 10.0.40219.1
Project("{FAE04EC0-301F-11D3-BF4B-00C04F79EFBC}") = "Ex10", "Ex10.csproj", "{48FAE166-850E-4B06-883A-C37E25BEC176}"
EndProject
Global
	GlobalSection(SolutionConfigurationPlatforms) = preSolution
		Debug|Any CPU = Debug|Any CPU
		Release|Any CPU = Release|Any CPU
	EndGlobalSection
	GlobalSection(ProjectConfigurationPlatforms) = postSolution
		{48FAE166-850E-4B06-883A-C37E25BEC176}.Debug|Any CPU.ActiveCfg = Debug|Any CPU
		{48FAE166-850E-4B06-883A-C37E25BEC176}.Debug|Any CPU.Build.0 = Debug|Any CPU
		{48FAE166-850E-4B06-883A-C37E25BEC176}.Release|Any CPU.ActiveCfg = Release|Any CPU
		{48FAE166-850E-4B06-883A-C37E25BEC176}.Release|Any CPU.Build.0 = Release|Any CPU
	EndGlobalSection
	GlobalSection(SolutionProperties) = preSolution
		HideSolutionNode = FALSE
	EndGlobalSection
	GlobalSection(ExtensibilityGlobals) = postSolution
		SolutionGuid = {49F2BE12-9CC2-4752-ACB6-7F73E685C2ED}
	EndGlobalSection
EndGlobal
