
Microsoft Visual Studio Solution File, Format Version 12.00
# Visual Studio Version 17
VisualStudioVersion = 17.9.34701.34
MinimumVisualStudioVersion = 10.0.40219.1
Project("{FAE04EC0-301F-11D3-BF4B-00C04F79EFBC}") = "Control", "Control\Control.csproj", "{CCEAB8FB-C867-4138-ABFA-CD03D8DADBA0}"
EndProject
Global
	GlobalSection(SolutionConfigurationPlatforms) = preSolution
		Debug|Any CPU = Debug|Any CPU
		Release|Any CPU = Release|Any CPU
	EndGlobalSection
	GlobalSection(ProjectConfigurationPlatforms) = postSolution
		{CCEAB8FB-C867-4138-ABFA-CD03D8DADBA0}.Debug|Any CPU.ActiveCfg = Debug|Any CPU
		{CCEAB8FB-C867-4138-ABFA-CD03D8DADBA0}.Debug|Any CPU.Build.0 = Debug|Any CPU
		{CCEAB8FB-C867-4138-ABFA-CD03D8DADBA0}.Release|Any CPU.ActiveCfg = Release|Any CPU
		{CCEAB8FB-C867-4138-ABFA-CD03D8DADBA0}.Release|Any CPU.Build.0 = Release|Any CPU
	EndGlobalSection
	GlobalSection(SolutionProperties) = preSolution
		HideSolutionNode = FALSE
	EndGlobalSection
	GlobalSection(ExtensibilityGlobals) = postSolution
		SolutionGuid = {68B561BE-BD58-48E1-B691-1A3FC5F85DCF}
	EndGlobalSection
EndGlobal
