
Microsoft Visual Studio Solution File, Format Version 12.00
# Visual Studio Version 17
VisualStudioVersion = 17.9.34714.143
MinimumVisualStudioVersion = 10.0.40219.1
Project("{FAE04EC0-301F-11D3-BF4B-00C04F79EFBC}") = "Q3", "Q3.csproj", "{B55B0726-1985-4389-A858-BB831F030BF2}"
EndProject
Global
	GlobalSection(SolutionConfigurationPlatforms) = preSolution
		Debug|Any CPU = Debug|Any CPU
		Release|Any CPU = Release|Any CPU
	EndGlobalSection
	GlobalSection(ProjectConfigurationPlatforms) = postSolution
		{B55B0726-1985-4389-A858-BB831F030BF2}.Debug|Any CPU.ActiveCfg = Debug|Any CPU
		{B55B0726-1985-4389-A858-BB831F030BF2}.Debug|Any CPU.Build.0 = Debug|Any CPU
		{B55B0726-1985-4389-A858-BB831F030BF2}.Release|Any CPU.ActiveCfg = Release|Any CPU
		{B55B0726-1985-4389-A858-BB831F030BF2}.Release|Any CPU.Build.0 = Release|Any CPU
	EndGlobalSection
	GlobalSection(SolutionProperties) = preSolution
		HideSolutionNode = FALSE
	EndGlobalSection
	GlobalSection(ExtensibilityGlobals) = postSolution
		SolutionGuid = {3553F10B-CE8F-4037-9CD6-372F0B8443F3}
	EndGlobalSection
EndGlobal
