
Microsoft Visual Studio Solution File, Format Version 12.00
# Visual Studio Version 17
VisualStudioVersion = 17.9.34714.143
MinimumVisualStudioVersion = 10.0.40219.1
Project("{FAE04EC0-301F-11D3-BF4B-00C04F79EFBC}") = "Q11", "Q11.csproj", "{2F65B467-9797-432A-94B1-4BFB6FF96AA6}"
EndProject
Global
	GlobalSection(SolutionConfigurationPlatforms) = preSolution
		Debug|Any CPU = Debug|Any CPU
		Release|Any CPU = Release|Any CPU
	EndGlobalSection
	GlobalSection(ProjectConfigurationPlatforms) = postSolution
		{2F65B467-9797-432A-94B1-4BFB6FF96AA6}.Debug|Any CPU.ActiveCfg = Debug|Any CPU
		{2F65B467-9797-432A-94B1-4BFB6FF96AA6}.Debug|Any CPU.Build.0 = Debug|Any CPU
		{2F65B467-9797-432A-94B1-4BFB6FF96AA6}.Release|Any CPU.ActiveCfg = Release|Any CPU
		{2F65B467-9797-432A-94B1-4BFB6FF96AA6}.Release|Any CPU.Build.0 = Release|Any CPU
	EndGlobalSection
	GlobalSection(SolutionProperties) = preSolution
		HideSolutionNode = FALSE
	EndGlobalSection
	GlobalSection(ExtensibilityGlobals) = postSolution
		SolutionGuid = {19D08FF0-8803-469D-ADC7-DA7562A0BF98}
	EndGlobalSection
EndGlobal
