
Microsoft Visual Studio Solution File, Format Version 12.00
# Visual Studio Version 17
VisualStudioVersion = 17.9.34701.34
MinimumVisualStudioVersion = 10.0.40219.1
Project("{FAE04EC0-301F-11D3-BF4B-00C04F79EFBC}") = "OOPBasic", "OOPBasic\OOPBasic.csproj", "{E813D380-AE19-4FFE-979A-525BEA1B6D61}"
EndProject
Global
	GlobalSection(SolutionConfigurationPlatforms) = preSolution
		Debug|Any CPU = Debug|Any CPU
		Release|Any CPU = Release|Any CPU
	EndGlobalSection
	GlobalSection(ProjectConfigurationPlatforms) = postSolution
		{E813D380-AE19-4FFE-979A-525BEA1B6D61}.Debug|Any CPU.ActiveCfg = Debug|Any CPU
		{E813D380-AE19-4FFE-979A-525BEA1B6D61}.Debug|Any CPU.Build.0 = Debug|Any CPU
		{E813D380-AE19-4FFE-979A-525BEA1B6D61}.Release|Any CPU.ActiveCfg = Release|Any CPU
		{E813D380-AE19-4FFE-979A-525BEA1B6D61}.Release|Any CPU.Build.0 = Release|Any CPU
	EndGlobalSection
	GlobalSection(SolutionProperties) = preSolution
		HideSolutionNode = FALSE
	EndGlobalSection
	GlobalSection(ExtensibilityGlobals) = postSolution
		SolutionGuid = {B1D74E2B-3108-4739-98A8-2286C72ED71C}
	EndGlobalSection
EndGlobal
