
Microsoft Visual Studio Solution File, Format Version 12.00
# Visual Studio Version 17
VisualStudioVersion = 17.9.34714.143
MinimumVisualStudioVersion = 10.0.40219.1
Project("{FAE04EC0-301F-11D3-BF4B-00C04F79EFBC}") = "Q16", "Q16.csproj", "{BE232CD0-9C6E-4AF5-8C58-06EC8C7CFAC2}"
EndProject
Global
	GlobalSection(SolutionConfigurationPlatforms) = preSolution
		Debug|Any CPU = Debug|Any CPU
		Release|Any CPU = Release|Any CPU
	EndGlobalSection
	GlobalSection(ProjectConfigurationPlatforms) = postSolution
		{BE232CD0-9C6E-4AF5-8C58-06EC8C7CFAC2}.Debug|Any CPU.ActiveCfg = Debug|Any CPU
		{BE232CD0-9C6E-4AF5-8C58-06EC8C7CFAC2}.Debug|Any CPU.Build.0 = Debug|Any CPU
		{BE232CD0-9C6E-4AF5-8C58-06EC8C7CFAC2}.Release|Any CPU.ActiveCfg = Release|Any CPU
		{BE232CD0-9C6E-4AF5-8C58-06EC8C7CFAC2}.Release|Any CPU.Build.0 = Release|Any CPU
	EndGlobalSection
	GlobalSection(SolutionProperties) = preSolution
		HideSolutionNode = FALSE
	EndGlobalSection
	GlobalSection(ExtensibilityGlobals) = postSolution
		SolutionGuid = {EEC8D7DB-01D8-46B1-9690-69388067E64C}
	EndGlobalSection
EndGlobal
