
Microsoft Visual Studio Solution File, Format Version 12.00
# Visual Studio Version 17
VisualStudioVersion = 17.9.34714.143
MinimumVisualStudioVersion = 10.0.40219.1
Project("{FAE04EC0-301F-11D3-BF4B-00C04F79EFBC}") = "Exone", "Exone.csproj", "{FDA2AAF5-AEE5-485C-BB7D-90F87D26D455}"
EndProject
Global
	GlobalSection(SolutionConfigurationPlatforms) = preSolution
		Debug|Any CPU = Debug|Any CPU
		Release|Any CPU = Release|Any CPU
	EndGlobalSection
	GlobalSection(ProjectConfigurationPlatforms) = postSolution
		{FDA2AAF5-AEE5-485C-BB7D-90F87D26D455}.Debug|Any CPU.ActiveCfg = Debug|Any CPU
		{FDA2AAF5-AEE5-485C-BB7D-90F87D26D455}.Debug|Any CPU.Build.0 = Debug|Any CPU
		{FDA2AAF5-AEE5-485C-BB7D-90F87D26D455}.Release|Any CPU.ActiveCfg = Release|Any CPU
		{FDA2AAF5-AEE5-485C-BB7D-90F87D26D455}.Release|Any CPU.Build.0 = Release|Any CPU
	EndGlobalSection
	GlobalSection(SolutionProperties) = preSolution
		HideSolutionNode = FALSE
	EndGlobalSection
	GlobalSection(ExtensibilityGlobals) = postSolution
		SolutionGuid = {6DDC451A-23CB-42D8-A074-AF926D24EE28}
	EndGlobalSection
EndGlobal
