
Microsoft Visual Studio Solution File, Format Version 12.00
# Visual Studio Version 17
VisualStudioVersion = 17.9.34714.143
MinimumVisualStudioVersion = 10.0.40219.1
Project("{FAE04EC0-301F-11D3-BF4B-00C04F79EFBC}") = "ExThree", "ExThree.csproj", "{1B918B91-8832-4708-9989-7FA9130AC423}"
EndProject
Global
	GlobalSection(SolutionConfigurationPlatforms) = preSolution
		Debug|Any CPU = Debug|Any CPU
		Release|Any CPU = Release|Any CPU
	EndGlobalSection
	GlobalSection(ProjectConfigurationPlatforms) = postSolution
		{1B918B91-8832-4708-9989-7FA9130AC423}.Debug|Any CPU.ActiveCfg = Debug|Any CPU
		{1B918B91-8832-4708-9989-7FA9130AC423}.Debug|Any CPU.Build.0 = Debug|Any CPU
		{1B918B91-8832-4708-9989-7FA9130AC423}.Release|Any CPU.ActiveCfg = Release|Any CPU
		{1B918B91-8832-4708-9989-7FA9130AC423}.Release|Any CPU.Build.0 = Release|Any CPU
	EndGlobalSection
	GlobalSection(SolutionProperties) = preSolution
		HideSolutionNode = FALSE
	EndGlobalSection
	GlobalSection(ExtensibilityGlobals) = postSolution
		SolutionGuid = {E379A65C-BED6-4803-B92E-CC942034BCAC}
	EndGlobalSection
EndGlobal
